
Microsoft Visual Studio Solution File, Format Version 12.00
# Visual Studio Version 17
VisualStudioVersion = 17.9.34728.123
MinimumVisualStudioVersion = 10.0.40219.1
Project("{FAE04EC0-301F-11D3-BF4B-00C04F79EFBC}") = "eTheater.API", "eTheater.API\eTheater.API.csproj", "{1B018431-4B7E-4464-B30D-9694AE873EC2}"
EndProject
Global
	GlobalSection(SolutionConfigurationPlatforms) = preSolution
		Debug|Any CPU = Debug|Any CPU
		Release|Any CPU = Release|Any CPU
	EndGlobalSection
	GlobalSection(ProjectConfigurationPlatforms) = postSolution
		{1B018431-4B7E-4464-B30D-9694AE873EC2}.Debug|Any CPU.ActiveCfg = Debug|Any CPU
		{1B018431-4B7E-4464-B30D-9694AE873EC2}.Debug|Any CPU.Build.0 = Debug|Any CPU
		{1B018431-4B7E-4464-B30D-9694AE873EC2}.Release|Any CPU.ActiveCfg = Release|Any CPU
		{1B018431-4B7E-4464-B30D-9694AE873EC2}.Release|Any CPU.Build.0 = Release|Any CPU
	EndGlobalSection
	GlobalSection(SolutionProperties) = preSolution
		HideSolutionNode = FALSE
	EndGlobalSection
	GlobalSection(ExtensibilityGlobals) = postSolution
		SolutionGuid = {75AAB9B4-C9FC-482C-9ADA-EB7FB44CC5CD}
	EndGlobalSection
EndGlobal
